<Solution>
  <Folder Name="/src/">
    <Project Path="src/Deckwraith.Application/Deckwraith.Application.csproj" />
    <Project Path="src/Deckwraith.Continuity/Deckwraith.Continuity.csproj" />
    <Project Path="src/Deckwraith.Core/Deckwraith.Core.csproj" />
    <Project Path="src/Deckwraith.Desktop/Deckwraith.Desktop.csproj" />
    <Project Path="src/Deckwraith.Headless/Deckwraith.Headless.csproj" />
    <Project Path="src/Deckwraith.Hosting/Deckwraith.Hosting.csproj" />
    <Project Path="src/Deckwraith.Kernels.Abstractions/Deckwraith.Kernels.Abstractions.csproj" />
    <Project Path="src/Deckwraith.Kernels.CSharp/Deckwraith.Kernels.CSharp.csproj" />
    <Project Path="src/Deckwraith.Kernels.PowerShell/Deckwraith.Kernels.PowerShell.csproj" />
    <Project Path="src/Deckwraith.Mcp/Deckwraith.Mcp.csproj" />
    <Project Path="src/Deckwraith.Notebooks/Deckwraith.Notebooks.csproj" />
    <Project Path="src/Deckwraith.Persistence/Deckwraith.Persistence.csproj" />
    <Project Path="src/Deckwraith.PowerShell/Deckwraith.PowerShell.csproj" />
    <Project Path="src/Deckwraith.Providers.Abstractions/Deckwraith.Providers.Abstractions.csproj" />
    <Project Path="src/Deckwraith.Providers.Anthropic/Deckwraith.Providers.Anthropic.csproj" />
    <Project Path="src/Deckwraith.Providers.Google/Deckwraith.Providers.Google.csproj" />
    <Project Path="src/Deckwraith.Providers.Http/Deckwraith.Providers.Http.csproj" />
    <Project Path="src/Deckwraith.Providers.OpenAI/Deckwraith.Providers.OpenAI.csproj" />
    <Project Path="src/Deckwraith.Providers.OpenAICompatible/Deckwraith.Providers.OpenAICompatible.csproj" />
  </Folder>
  <Folder Name="/tests/">
    <Project Path="tests/Deckwraith.Continuity.Tests/Deckwraith.Continuity.Tests.csproj" />
    <Project Path="tests/Deckwraith.Core.Tests/Deckwraith.Core.Tests.csproj" />
    <Project Path="tests/Deckwraith.IntegrationTests/Deckwraith.IntegrationTests.csproj" />
    <Project Path="tests/Deckwraith.Hosting.Tests/Deckwraith.Hosting.Tests.csproj" />
    <Project Path="tests/Deckwraith.Kernels.ContractTests/Deckwraith.Kernels.ContractTests.csproj" />
    <Project Path="tests/Deckwraith.Mcp.TestServer/Deckwraith.Mcp.TestServer.csproj" />
    <Project Path="tests/Deckwraith.Mcp.Tests/Deckwraith.Mcp.Tests.csproj" />
    <Project Path="tests/Deckwraith.Notebooks.Tests/Deckwraith.Notebooks.Tests.csproj" />
    <Project Path="tests/Deckwraith.Persistence.Tests/Deckwraith.Persistence.Tests.csproj" />
    <Project Path="tests/Deckwraith.PowerShell.Tests/Deckwraith.PowerShell.Tests.csproj" />
    <Project Path="tests/Deckwraith.Providers.ContractTests/Deckwraith.Providers.ContractTests.csproj" />
  </Folder>
</Solution>
